// !$*UTF8*$!
{
	archiveVersion = 1;
	classes = {
	};
	objectVersion = 46;
	objects = {

/* Begin PBXBuildFile section */
		1D7431941D55CBD000926CCA /* main.m in Sources */ = {isa = PBXBuildFile; fileRef = 1D7431931D55CBD000926CCA /* main.m */; };
		1D7431971D55CBD000926CCA /* AppDelegate.m in Sources */ = {isa = PBXBuildFile; fileRef = 1D7431961D55CBD000926CCA /* AppDelegate.m */; };
		1D74319A1D55CBD000926CCA /* ViewController.m in Sources */ = {isa = PBXBuildFile; fileRef = 1D7431991D55CBD000926CCA /* ViewController.m */; };
		1D74319D1D55CBD000926CCA /* Main.storyboard in Resources */ = {isa = PBXBuildFile; fileRef = 1D74319B1D55CBD000926CCA /* Main.storyboard */; };
		1D74319F1D55CBD000926CCA /* Assets.xcassets in Resources */ = {isa = PBXBuildFile; fileRef = 1D74319E1D55CBD000926CCA /* Assets.xcassets */; };
		1D7431A21D55CBD000926CCA /* LaunchScreen.storyboard in Resources */ = {isa = PBXBuildFile; fileRef = 1D7431A01D55CBD000926CCA /* LaunchScreen.storyboard */; };
/* End PBXBuildFile section */

/* Begin PBXFileReference section */
		1D74318F1D55CBD000926CCA /* GithubCommits.app */ = {isa = PBXFileReference; explicitFileType = wrapper.application; includeInIndex = 0; path = GithubCommits.app; sourceTree = BUILT_PRODUCTS_DIR; };
		1D7431931D55CBD000926CCA /* main.m */ = {isa = PBXFileReference; lastKnownFileType = sourcecode.c.objc; path = main.m; sourceTree = "<group>"; };
		1D7431951D55CBD000926CCA /* AppDelegate.h */ = {isa = PBXFileReference; lastKnownFileType = sourcecode.c.h; path = AppDelegate.h; sourceTree = "<group>"; };
		1D7431961D55CBD000926CCA /* AppDelegate.m */ = {isa = PBXFileReference; lastKnownFileType = sourcecode.c.objc; path = AppDelegate.m; sourceTree = "<group>"; };
		1D7431981D55CBD000926CCA /* ViewController.h */ = {isa = PBXFileReference; lastKnownFileType = sourcecode.c.h; path = ViewController.h; sourceTree = "<group>"; };
		1D7431991D55CBD000926CCA /* ViewController.m */ = {isa = PBXFileReference; lastKnownFileType = sourcecode.c.objc; path = ViewController.m; sourceTree = "<group>"; };
		1D74319C1D55CBD000926CCA /* Base */ = {isa = PBXFileReference; lastKnownFileType = file.storyboard; name = Base; path = Base.lproj/Main.storyboard; sourceTree = "<group>"; };
		1D74319E1D55CBD000926CCA /* Assets.xcassets */ = {isa = PBXFileReference; lastKnownFileType = folder.assetcatalog; path = Assets.xcassets; sourceTree = "<group>"; };
		1D7431A11D55CBD000926CCA /* Base */ = {isa = PBXFileReference; lastKnownFileType = file.storyboard; name = Base; path = Base.lproj/LaunchScreen.storyboard; sourceTree = "<group>"; };
		1D7431A31D55CBD000926CCA /* Info.plist */ = {isa = PBXFileReference; lastKnownFileType = text.plist.xml; path = Info.plist; sourceTree = "<group>"; };
/* End PBXFileReference section */

/* Begin PBXFrameworksBuildPhase section */
		1D74318C1D55CBD000926CCA /* Frameworks */ = {
			isa = PBXFrameworksBuildPhase;
			buildActionMask = 2147483647;
			files = (
			);
			runOnlyForDeploymentPostprocessing = 0;
		};
/* End PBXFrameworksBuildPhase section */

/* Begin PBXGroup section */
		1D7431861D55CBD000926CCA = {
			isa = PBXGroup;
			children = (
				1D7431911D55CBD000926CCA /* GithubCommits */,
				1D7431901D55CBD000926CCA /* Products */,
			);
			sourceTree = "<group>";
		};
		1D7431901D55CBD000926CCA /* Products */ = {
			isa = PBXGroup;
			children = (
				1D74318F1D55CBD000926CCA /* GithubCommits.app */,
			);
			name = Products;
			sourceTree = "<group>";
		};
		1D7431911D55CBD000926CCA /* GithubCommits */ = {
			isa = PBXGroup;
			children = (
				1D7431A91D55D1ED00926CCA /* ignore */,
				1D7431991D55CBD000926CCA /* ViewController.m */,
				1D7431921D55CBD000926CCA /* Supporting Files */,
			);
			path = GithubCommits;
			sourceTree = "<group>";
		};
		1D7431921D55CBD000926CCA /* Supporting Files */ = {
			isa = PBXGroup;
			children = (
				1D7431931D55CBD000926CCA /* main.m */,
			);
			name = "Supporting Files";
			sourceTree = "<group>";
		};
		1D7431A91D55D1ED00926CCA /* ignore */ = {
			isa = PBXGroup;
			children = (
				1D7431A31D55CBD000926CCA /* Info.plist */,
				1D74319B1D55CBD000926CCA /* Main.storyboard */,
				1D74319E1D55CBD000926CCA /* Assets.xcassets */,
				1D7431A01D55CBD000926CCA /* LaunchScreen.storyboard */,
				1D7431951D55CBD000926CCA /* AppDelegate.h */,
				1D7431961D55CBD000926CCA /* AppDelegate.m */,
				1D7431981D55CBD000926CCA /* ViewController.h */,
			);
			name = ignore;
			sourceTree = "<group>";
		};
/* End PBXGroup section */

/* Begin PBXNativeTarget section */
		1D74318E1D55CBD000926CCA /* GithubCommits */ = {
			isa = PBXNativeTarget;
			buildConfigurationList = 1D7431A61D55CBD000926CCA /* Build configuration list for PBXNativeTarget "GithubCommits" */;
			buildPhases = (
				1D74318B1D55CBD000926CCA /* Sources */,
				1D74318C1D55CBD000926CCA /* Frameworks */,
				1D74318D1D55CBD000926CCA /* Resources */,
			);
			buildRules = (
			);
			dependencies = (
			);
			name = GithubCommits;
			productName = GithubCommits;
			productReference = 1D74318F1D55CBD000926CCA /* GithubCommits.app */;
			productType = "com.apple.product-type.application";
		};
/* End PBXNativeTarget section */

/* Begin PBXProject section */
		1D7431871D55CBD000926CCA /* Project object */ = {
			isa = PBXProject;
			attributes = {
				LastUpgradeCheck = 0730;
				ORGANIZATIONNAME = Sankuai;
				TargetAttributes = {
					1D74318E1D55CBD000926CCA = {
						CreatedOnToolsVersion = 7.3.1;
					};
				};
			};
			buildConfigurationList = 1D74318A1D55CBD000926CCA /* Build configuration list for PBXProject "GithubCommits" */;
			compatibilityVersion = "Xcode 3.2";
			developmentRegion = English;
			hasScannedForEncodings = 0;
			knownRegions = (
				en,
				Base,
			);
			mainGroup = 1D7431861D55CBD000926CCA;
			productRefGroup = 1D7431901D55CBD000926CCA /* Products */;
			projectDirPath = "";
			projectRoot = "";
			targets = (
				1D74318E1D55CBD000926CCA /* GithubCommits */,
			);
		};
/* End PBXProject section */

/* Begin PBXResourcesBuildPhase section */
		1D74318D1D55CBD000926CCA /* Resources */ = {
			isa = PBXResourcesBuildPhase;
			buildActionMask = 2147483647;
			files = (
				1D7431A21D55CBD000926CCA /* LaunchScreen.storyboard in Resources */,
				1D74319F1D55CBD000926CCA /* Assets.xcassets in Resources */,
				1D74319D1D55CBD000926CCA /* Main.storyboard in Resources */,
			);
			runOnlyForDeploymentPostprocessing = 0;
		};
/* End PBXResourcesBuildPhase section */

/* Begin PBXSourcesBuildPhase section */
		1D74318B1D55CBD000926CCA /* Sources */ = {
			isa = PBXSourcesBuildPhase;
			buildActionMask = 2147483647;
			files = (
				1D74319A1D55CBD000926CCA /* ViewController.m in Sources */,
				1D7431971D55CBD000926CCA /* AppDelegate.m in Sources */,
				1D7431941D55CBD000926CCA /* main.m in Sources */,
			);
			runOnlyForDeploymentPostprocessing = 0;
		};
/* End PBXSourcesBuildPhase section */

/* Begin PBXVariantGroup section */
		1D74319B1D55CBD000926CCA /* Main.storyboard */ = {
			isa = PBXVariantGroup;
			children = (
				1D74319C1D55CBD000926CCA /* Base */,
			);
			name = Main.storyboard;
			sourceTree = "<group>";
		};
		1D7431A01D55CBD000926CCA /* LaunchScreen.storyboard */ = {
			isa = PBXVariantGroup;
			children = (
				1D7431A11D55CBD000926CCA /* Base */,
			);
			name = LaunchScreen.storyboard;
			sourceTree = "<group>";
		};
/* End PBXVariantGroup section */

/* Begin XCBuildConfiguration section */
		1D7431A41D55CBD000926CCA /* Debug */ = {
			isa = XCBuildConfiguration;
			buildSettings = {
				ALWAYS_SEARCH_USER_PATHS = NO;
				CLANG_ANALYZER_NONNULL = YES;
				CLANG_CXX_LANGUAGE_STANDARD = "gnu++0x";
				CLANG_CXX_LIBRARY = "libc++";
				CLANG_ENABLE_MODULES = YES;
				CLANG_ENABLE_OBJC_ARC = YES;
				CLANG_WARN_BOOL_CONVERSION = YES;
				CLANG_WARN_CONSTANT_CONVERSION = YES;
				CLANG_WARN_DIRECT_OBJC_ISA_USAGE = YES_ERROR;
				CLANG_WARN_EMPTY_BODY = YES;
				CLANG_WARN_ENUM_CONVERSION = YES;
				CLANG_WARN_INT_CONVERSION = YES;
				CLANG_WARN_OBJC_ROOT_CLASS = YES_ERROR;
				CLANG_WARN_UNREACHABLE_CODE = YES;
				CLANG_WARN__DUPLICATE_METHOD_MATCH = YES;
				"CODE_SIGN_IDENTITY[sdk=iphoneos*]" = "iPhone Developer";
				COPY_PHASE_STRIP = NO;
				DEBUG_INFORMATION_FORMAT = dwarf;
				ENABLE_STRICT_OBJC_MSGSEND = YES;
				ENABLE_TESTABILITY = YES;
				GCC_C_LANGUAGE_STANDARD = gnu99;
				GCC_DYNAMIC_NO_PIC = NO;
				GCC_NO_COMMON_BLOCKS = YES;
				GCC_OPTIMIZATION_LEVEL = 0;
				GCC_PREPROCESSOR_DEFINITIONS = (
					"DEBUG=1",
					"$(inherited)",
				);
				GCC_WARN_64_TO_32_BIT_CONVERSION = YES;
				GCC_WARN_ABOUT_RETURN_TYPE = YES_ERROR;
				GCC_WARN_UNDECLARED_SELECTOR = YES;
				GCC_WARN_UNINITIALIZED_AUTOS = YES_AGGRESSIVE;
				GCC_WARN_UNUSED_FUNCTION = YES;
				GCC_WARN_UNUSED_VARIABLE = YES;
				IPHONEOS_DEPLOYMENT_TARGET = 9.3;
				MTL_ENABLE_DEBUG_INFO = YES;
				ONLY_ACTIVE_ARCH = YES;
				SDKROOT = iphoneos;
				TARGETED_DEVICE_FAMILY = "1,2";
			};
			name = Debug;
		};
		1D7431A51D55CBD000926CCA /* Release */ = {
			isa = XCBuildConfiguration;
			buildSettings = {
				ALWAYS_SEARCH_USER_PATHS = NO;
				CLANG_ANALYZER_NONNULL = YES;
				CLANG_CXX_LANGUAGE_STANDARD = "gnu++0x";
				CLANG_CXX_LIBRARY = "libc++";
				CLANG_ENABLE_MODULES = YES;
				CLANG_ENABLE_OBJC_ARC = YES;
				CLANG_WARN_BOOL_CONVERSION = YES;
				CLANG_WARN_CONSTANT_CONVERSION = YES;
				CLANG_WARN_DIRECT_OBJC_ISA_USAGE = YES_ERROR;
				CLANG_WARN_EMPTY_BODY = YES;
				CLANG_WARN_ENUM_CONVERSION = YES;
				CLANG_WARN_INT_CONVERSION = YES;
				CLANG_WARN_OBJC_ROOT_CLASS = YES_ERROR;
				CLANG_WARN_UNREACHABLE_CODE = YES;
				CLANG_WARN__DUPLICATE_METHOD_MATCH = YES;
				"CODE_SIGN_IDENTITY[sdk=iphoneos*]" = "iPhone Developer";
				COPY_PHASE_STRIP = NO;
				DEBUG_INFORMATION_FORMAT = "dwarf-with-dsym";
				ENABLE_NS_ASSERTIONS = NO;
				ENABLE_STRICT_OBJC_MSGSEND = YES;
				GCC_C_LANGUAGE_STANDARD = gnu99;
				GCC_NO_COMMON_BLOCKS = YES;
				GCC_WARN_64_TO_32_BIT_CONVERSION = YES;
				GCC_WARN_ABOUT_RETURN_TYPE = YES_ERROR;
				GCC_WARN_UNDECLARED_SELECTOR = YES;
				GCC_WARN_UNINITIALIZED_AUTOS = YES_AGGRESSIVE;
				GCC_WARN_UNUSED_FUNCTION = YES;
				GCC_WARN_UNUSED_VARIABLE = YES;
				IPHONEOS_DEPLOYMENT_TARGET = 9.3;
				MTL_ENABLE_DEBUG_INFO = NO;
				SDKROOT = iphoneos;
				TARGETED_DEVICE_FAMILY = "1,2";
				VALIDATE_PRODUCT = YES;
			};
			name = Release;
		};
		1D7431A71D55CBD000926CCA /* Debug */ = {
			isa = XCBuildConfiguration;
			buildSettings = {
				ASSETCATALOG_COMPILER_APPICON_NAME = AppIcon;
				INFOPLIST_FILE = GithubCommits/Info.plist;
				LD_RUNPATH_SEARCH_PATHS = "$(inherited) @executable_path/Frameworks";
				PRODUCT_BUNDLE_IDENTIFIER = com.Sankuai.GithubCommits;
				PRODUCT_NAME = "$(TARGET_NAME)";
			};
			name = Debug;
		};
		1D7431A81D55CBD000926CCA /* Release */ = {
			isa = XCBuildConfiguration;
			buildSettings = {
				ASSETCATALOG_COMPILER_APPICON_NAME = AppIcon;
				INFOPLIST_FILE = GithubCommits/Info.plist;
				LD_RUNPATH_SEARCH_PATHS = "$(inherited) @executable_path/Frameworks";
				PRODUCT_BUNDLE_IDENTIFIER = com.Sankuai.GithubCommits;
				PRODUCT_NAME = "$(TARGET_NAME)";
			};
			name = Release;
		};
/* End XCBuildConfiguration section */

/* Begin XCConfigurationList section */
		1D74318A1D55CBD000926CCA /* Build configuration list for PBXProject "GithubCommits" */ = {
			isa = XCConfigurationList;
			buildConfigurations = (
				1D7431A41D55CBD000926CCA /* Debug */,
				1D7431A51D55CBD000926CCA /* Release */,
			);
			defaultConfigurationIsVisible = 0;
			defaultConfigurationName = Release;
		};
		1D7431A61D55CBD000926CCA /* Build configuration list for PBXNativeTarget "GithubCommits" */ = {
			isa = XCConfigurationList;
			buildConfigurations = (
				1D7431A71D55CBD000926CCA /* Debug */,
				1D7431A81D55CBD000926CCA /* Release */,
			);
			defaultConfigurationIsVisible = 0;
		};
/* End XCConfigurationList section */
	};
	rootObject = 1D7431871D55CBD000926CCA /* Project object */;
}
